PODS:
  - Flutter (1.0.0)
  - simple_permissions (0.0.1):
    - Flutter

DEPENDENCIES:
  - Flutter (from `Pods/.symlinks/flutter/ios`)
  - simple_permissions (from `Pods/.symlinks/plugins/flutter_simple_permissions-master/ios`)

EXTERNAL SOURCES:
  Flutter:
    :path: Pods/.symlinks/flutter/ios
  simple_permissions:
    :path: Pods/.symlinks/plugins/flutter_simple_permissions-master/ios

SPEC CHECKSUMS:
  Flutter: 9d0fac939486c9aba2809b7982dfdbb47a7b0296
  simple_permissions: 9ca82dd3946e8f7300e872e2fe2e122d1ef648c7

PODFILE CHECKSUM: 9fc5c45f25ba47123645a164b59875f3bd2f65b5

COCOAPODS: 1.5.2
